# THIS IS AN AUTOGENERATED FILE. DO NOT EDIT THIS FILE DIRECTLY.
# yarn lockfile v1


"@babel/runtime@^7.5.5", "@babel/runtime@^7.8.7":
  version "7.10.3"
  resolved "https://registry.yarnpkg.com/@babel/runtime/-/runtime-7.10.3.tgz#670d002655a7c366540c67f6fd3342cd09500364"
  integrity sha512-RzGO0RLSdokm9Ipe/YD+7ww8X2Ro79qiXZF3HU9ljrM+qnJmH1Vqth+hbiQZy761LnMJTMitHDuKVYTk3k4dLw==
  dependencies:
    regenerator-runtime "^0.13.4"

"@recogito/annotorious-openseadragon@^2.0.5":
  version "2.0.5"
  resolved "https://registry.yarnpkg.com/@recogito/annotorious-openseadragon/-/annotorious-openseadragon-2.0.5.tgz#4c7b7c2de1d0fd582ba80cbc7e962c27da0a6d66"
  integrity sha512-Mdm+KhYc5IvCAyCMGkPh/xdntQ/FEeHG8Cx+DQyhZLOzQly8mZZObuHgu9auYUJQbMPv4z1XePZM8udsOwLaFg==
  dependencies:
    "@recogito/annotorious" "^2.0.3"
    "@recogito/recogito-client-core" "^0.1.5"
    axios "^0.19.2"
    openseadragon "^2.4.2"
    preact "^10.4.1"
    tiny-emitter "^2.1.0"

"@recogito/annotorious@^2.0.3":
  version "2.0.3"
  resolved "https://registry.yarnpkg.com/@recogito/annotorious/-/annotorious-2.0.3.tgz#6b70ff91a6d764c808bf4aac184e880e3cb402f4"
  integrity sha512-ijZ3ZwULyRMXJOnwmQME6Ii+hlGEgItLS9R0085u1yiNuy9w3lmltHPau4K8QRFLNldBS+upJaxtbUKydcr+iQ==
  dependencies:
    "@recogito/recogito-client-core" "^0.1.5"
    axios "^0.19.2"
    preact "^10.4.1"
    tiny-emitter "^2.1.0"

"@recogito/recogito-client-core@^0.1.5":
  version "0.1.5"
  resolved "https://registry.yarnpkg.com/@recogito/recogito-client-core/-/recogito-client-core-0.1.5.tgz#d7480d72040dec2f24adcc8cee618cf5c16022be"
  integrity sha512-FG/hpuB9ZOXG4myE/WYxAth14dzgjXUXLI65ZaYIWiIuzq6sIB7kVIUd1KUBVyx4g2DI4zq/jt1E+Z6N9eExHg==
  dependencies:
    axios "^0.19.0"
    node-polyglot "^2.4.0"
    preact "^10.4.1"
    react-contenteditable "^3.3.3"
    react-transition-group "^4.3.0"
    timeago-react "^3.0.0"
    tiny-emitter "^2.1.0"

axios@^0.19.0, axios@^0.19.2:
  version "0.19.2"
  resolved "https://registry.yarnpkg.com/axios/-/axios-0.19.2.tgz#3ea36c5d8818d0d5f8a8a97a6d36b86cdc00cb27"
  integrity sha512-fjgm5MvRHLhx+osE2xoekY70AhARk3a6hkN+3Io1jc00jtquGvxYlKlsFUhmUET0V5te6CcZI7lcv2Ym61mjHA==
  dependencies:
    follow-redirects "1.5.10"

csstype@^2.6.7:
  version "2.6.10"
  resolved "https://registry.yarnpkg.com/csstype/-/csstype-2.6.10.tgz#e63af50e66d7c266edb6b32909cfd0aabe03928b"
  integrity sha512-D34BqZU4cIlMCY93rZHbrq9pjTAQJ3U8S8rfBqjwHxkGPThWFjzZDQpgMJY0QViLxth6ZKYiwFBo14RdN44U/w==

debug@=3.1.0:
  version "3.1.0"
  resolved "https://registry.yarnpkg.com/debug/-/debug-3.1.0.tgz#5bb5a0672628b64149566ba16819e61518c67261"
  integrity sha512-OX8XqP7/1a9cqkxYw2yXss15f26NKWBpDXQd0/uK/KPqdQhxbPa994hnzjcE2VqQpDslf55723cKPUOGSmMY3g==
  dependencies:
    ms "2.0.0"

define-properties@^1.1.2, define-properties@^1.1.3:
  version "1.1.3"
  resolved "https://registry.yarnpkg.com/define-properties/-/define-properties-1.1.3.tgz#cf88da6cbee26fe6db7094f61d870cbd84cee9f1"
  integrity sha512-3MqfYKj2lLzdMSf8ZIZE/V+Zuy+BgD6f164e8K2w7dgnpKArBDerGYpM46IYYcjnkdPNMjPk9A6VFB8+3SKlXQ==
  dependencies:
    object-keys "^1.0.12"

dom-helpers@^5.0.1:
  version "5.1.4"
  resolved "https://registry.yarnpkg.com/dom-helpers/-/dom-helpers-5.1.4.tgz#4609680ab5c79a45f2531441f1949b79d6587f4b"
  integrity sha512-TjMyeVUvNEnOnhzs6uAn9Ya47GmMo3qq7m+Lr/3ON0Rs5kHvb8I+SQYjLUSYn7qhEm0QjW0yrBkvz9yOrwwz1A==
  dependencies:
    "@babel/runtime" "^7.8.7"
    csstype "^2.6.7"

es-abstract@^1.17.0-next.1, es-abstract@^1.17.5:
  version "1.17.6"
  resolved "https://registry.yarnpkg.com/es-abstract/-/es-abstract-1.17.6.tgz#9142071707857b2cacc7b89ecb670316c3e2d52a"
  integrity sha512-Fr89bON3WFyUi5EvAeI48QTWX0AyekGgLA8H+c+7fbfCkJwRWRMLd8CQedNEyJuoYYhmtEqY92pgte1FAhBlhw==
  dependencies:
    es-to-primitive "^1.2.1"
    function-bind "^1.1.1"
    has "^1.0.3"
    has-symbols "^1.0.1"
    is-callable "^1.2.0"
    is-regex "^1.1.0"
    object-inspect "^1.7.0"
    object-keys "^1.1.1"
    object.assign "^4.1.0"
    string.prototype.trimend "^1.0.1"
    string.prototype.trimstart "^1.0.1"

es-to-primitive@^1.2.1:
  version "1.2.1"
  resolved "https://registry.yarnpkg.com/es-to-primitive/-/es-to-primitive-1.2.1.tgz#e55cd4c9cdc188bcefb03b366c736323fc5c898a"
  integrity sha512-QCOllgZJtaUo9miYBcLChTUaHNjJF3PYs1VidD7AwiEj1kYxKeQTctLAezAOH5ZKRH0g2IgPn6KwB4IT8iRpvA==
  dependencies:
    is-callable "^1.1.4"
    is-date-object "^1.0.1"
    is-symbol "^1.0.2"

fast-deep-equal@^2.0.1:
  version "2.0.1"
  resolved "https://registry.yarnpkg.com/fast-deep-equal/-/fast-deep-equal-2.0.1.tgz#7b05218ddf9667bf7f370bf7fdb2cb15fdd0aa49"
  integrity sha1-ewUhjd+WZ79/Nwv3/bLLFf3Qqkk=

follow-redirects@1.5.10:
  version "1.5.10"
  resolved "https://registry.yarnpkg.com/follow-redirects/-/follow-redirects-1.5.10.tgz#7b7a9f9aea2fdff36786a94ff643ed07f4ff5e2a"
  integrity sha512-0V5l4Cizzvqt5D44aTXbFZz+FtyXV1vrDN6qrelxtfYQKW0KO0W2T/hkE8xvGa/540LkZlkaUjO4ailYTFtHVQ==
  dependencies:
    debug "=3.1.0"

for-each@^0.3.3:
  version "0.3.3"
  resolved "https://registry.yarnpkg.com/for-each/-/for-each-0.3.3.tgz#69b447e88a0a5d32c3e7084f3f1710034b21376e"
  integrity sha512-jqYfLp7mo9vIyQf8ykW2v7A+2N4QjeCeI5+Dz9XraiO1ign81wjiH7Fb9vSOWvQfNtmSa4H2RoQTrrXivdUZmw==
  dependencies:
    is-callable "^1.1.3"

function-bind@^1.1.1:
  version "1.1.1"
  resolved "https://registry.yarnpkg.com/function-bind/-/function-bind-1.1.1.tgz#a56899d3ea3c9bab874bb9773b7c5ede92f4895d"
  integrity sha512-yIovAzMX49sF8Yl58fSCWJ5svSLuaibPxXQJFLmBObTuCr0Mf1KiPopGM9NiFjiYBCbfaa2Fh6breQ6ANVTI0A==

has-symbols@^1.0.0, has-symbols@^1.0.1:
  version "1.0.1"
  resolved "https://registry.yarnpkg.com/has-symbols/-/has-symbols-1.0.1.tgz#9f5214758a44196c406d9bd76cebf81ec2dd31e8"
  integrity sha512-PLcsoqu++dmEIZB+6totNFKq/7Do+Z0u4oT0zKOJNl3lYK6vGwwu2hjHs+68OEZbTjiUE9bgOABXbP/GvrS0Kg==

has@^1.0.3:
  version "1.0.3"
  resolved "https://registry.yarnpkg.com/has/-/has-1.0.3.tgz#722d7cbfc1f6aa8241f16dd814e011e1f41e8796"
  integrity sha512-f2dvO0VU6Oej7RkWJGrehjbzMAjFp5/VKPp5tTpWIV4JHHZK1/BxbFRtf/siA2SWTe09caDmVtYYzWEIbBS4zw==
  dependencies:
    function-bind "^1.1.1"

is-callable@^1.1.3, is-callable@^1.1.4, is-callable@^1.2.0:
  version "1.2.0"
  resolved "https://registry.yarnpkg.com/is-callable/-/is-callable-1.2.0.tgz#83336560b54a38e35e3a2df7afd0454d691468bb"
  integrity sha512-pyVD9AaGLxtg6srb2Ng6ynWJqkHU9bEM087AKck0w8QwDarTfNcpIYoU8x8Hv2Icm8u6kFJM18Dag8lyqGkviw==

is-date-object@^1.0.1:
  version "1.0.2"
  resolved "https://registry.yarnpkg.com/is-date-object/-/is-date-object-1.0.2.tgz#bda736f2cd8fd06d32844e7743bfa7494c3bfd7e"
  integrity sha512-USlDT524woQ08aoZFzh3/Z6ch9Y/EWXEHQ/AaRN0SkKq4t2Jw2R2339tSXmwuVoY7LLlBCbOIlx2myP/L5zk0g==

is-regex@^1.1.0:
  version "1.1.0"
  resolved "https://registry.yarnpkg.com/is-regex/-/is-regex-1.1.0.tgz#ece38e389e490df0dc21caea2bd596f987f767ff"
  integrity sha512-iI97M8KTWID2la5uYXlkbSDQIg4F6o1sYboZKKTDpnDQMLtUL86zxhgDet3Q2SriaYsyGqZ6Mn2SjbRKeLHdqw==
  dependencies:
    has-symbols "^1.0.1"

is-symbol@^1.0.2:
  version "1.0.3"
  resolved "https://registry.yarnpkg.com/is-symbol/-/is-symbol-1.0.3.tgz#38e1014b9e6329be0de9d24a414fd7441ec61937"
  integrity sha512-OwijhaRSgqvhm/0ZdAcXNZt9lYdKFpcRDT5ULUuYXPoT794UNOdU+gpT6Rzo7b4V2HUl/op6GqY894AZwv9faQ==
  dependencies:
    has-symbols "^1.0.1"

"js-tokens@^3.0.0 || ^4.0.0":
  version "4.0.0"
  resolved "https://registry.yarnpkg.com/js-tokens/-/js-tokens-4.0.0.tgz#19203fb59991df98e3a287050d4647cdeaf32499"
  integrity sha512-RdJUflcE3cUzKiMqQgsCu06FPu9UdIJO0beYbPhHN4k6apgJtifcoCtT9bcxOpYBtpD2kCM6Sbzg4CausW/PKQ==

loose-envify@^1.0.0, loose-envify@^1.4.0:
  version "1.4.0"
  resolved "https://registry.yarnpkg.com/loose-envify/-/loose-envify-1.4.0.tgz#71ee51fa7be4caec1a63839f7e682d8132d30caf"
  integrity sha512-lyuxPGr/Wfhrlem2CL/UcnUc1zcqKAImBDzukY7Y5F/yQiNdko6+fRLevlw1HgMySw7f611UIY408EtxRSoK3Q==
  dependencies:
    js-tokens "^3.0.0 || ^4.0.0"

ms@2.0.0:
  version "2.0.0"
  resolved "https://registry.yarnpkg.com/ms/-/ms-2.0.0.tgz#5608aeadfc00be6c2901df5f9861788de0d597c8"
  integrity sha1-VgiurfwAvmwpAd9fmGF4jeDVl8g=

node-polyglot@^2.4.0:
  version "2.4.0"
  resolved "https://registry.yarnpkg.com/node-polyglot/-/node-polyglot-2.4.0.tgz#0d2717ed06640d9ff48a2aebe8d13e39ef03518f"
  integrity sha512-KRzKwzMWm3wSAjOSop7/WwNyzaMkCe9ddkwXTQsIZEJmvEnqy/bCqLpAVw6xBszKfy4iLdYVA0d83L+cIkYPbA==
  dependencies:
    for-each "^0.3.3"
    has "^1.0.3"
    string.prototype.trim "^1.1.2"
    warning "^4.0.3"

object-assign@^4.1.1:
  version "4.1.1"
  resolved "https://registry.yarnpkg.com/object-assign/-/object-assign-4.1.1.tgz#2109adc7965887cfc05cbbd442cac8bfbb360863"
  integrity sha1-IQmtx5ZYh8/AXLvUQsrIv7s2CGM=

object-inspect@^1.7.0:
  version "1.8.0"
  resolved "https://registry.yarnpkg.com/object-inspect/-/object-inspect-1.8.0.tgz#df807e5ecf53a609cc6bfe93eac3cc7be5b3a9d0"
  integrity sha512-jLdtEOB112fORuypAyl/50VRVIBIdVQOSUUGQHzJ4xBSbit81zRarz7GThkEFZy1RceYrWYcPcBFPQwHyAc1gA==

object-keys@^1.0.11, object-keys@^1.0.12, object-keys@^1.1.1:
  version "1.1.1"
  resolved "https://registry.yarnpkg.com/object-keys/-/object-keys-1.1.1.tgz#1c47f272df277f3b1daf061677d9c82e2322c60e"
  integrity sha512-NuAESUOUMrlIXOfHKzD6bpPu3tYt3xvjNdRIQ+FeT0lNb4K8WR70CaDxhuNguS2XG+GjkyMwOzsN5ZktImfhLA==

object.assign@^4.1.0:
  version "4.1.0"
  resolved "https://registry.yarnpkg.com/object.assign/-/object.assign-4.1.0.tgz#968bf1100d7956bb3ca086f006f846b3bc4008da"
  integrity sha512-exHJeq6kBKj58mqGyTQ9DFvrZC/eR6OwxzoM9YRoGBqrXYonaFyGiFMuc9VZrXf7DarreEwMpurG3dd+CNyW5w==
  dependencies:
    define-properties "^1.1.2"
    function-bind "^1.1.1"
    has-symbols "^1.0.0"
    object-keys "^1.0.11"

openseadragon@^2.4.2:
  version "2.4.2"
  resolved "https://registry.yarnpkg.com/openseadragon/-/openseadragon-2.4.2.tgz#f25d833d0ab9941599d65a3e2b44bec546c9f15c"
  integrity sha512-398KbZwRtOYA6OmeWRY4Q0737NTacQ9Q6whmr9Lp1MNQO3p0eBz5LIASRne+4gwequcSM1vcHcjfy3dIndQziw==

preact@^10.4.1:
  version "10.4.4"
  resolved "https://registry.yarnpkg.com/preact/-/preact-10.4.4.tgz#0bd6d759ec2f8684aaf8c63c7f076191e46528cf"
  integrity sha512-EaTJrerceyAPatQ+vfnadoopsMBZAOY7ak9ogVdUi5xbpR8SoHgtLryXnW+4mQOwt21icqoVR1brkU2dq7pEBA==

prop-types@^15.6.2, prop-types@^15.7.1:
  version "15.7.2"
  resolved "https://registry.yarnpkg.com/prop-types/-/prop-types-15.7.2.tgz#52c41e75b8c87e72b9d9360e0206b99dcbffa6c5"
  integrity sha512-8QQikdH7//R2vurIJSutZ1smHYTcLpRWEOlHnzcWHmBYrOGUysKwSsrC89BCiFj3CbrfJ/nXFdJepOVrY1GCHQ==
  dependencies:
    loose-envify "^1.4.0"
    object-assign "^4.1.1"
    react-is "^16.8.1"

react-contenteditable@^3.3.3:
  version "3.3.5"
  resolved "https://registry.yarnpkg.com/react-contenteditable/-/react-contenteditable-3.3.5.tgz#febff7a46570fdb2f5ff199e506c512e5924e22e"
  integrity sha512-38A7hlRQfb2KQAQT0kIJC2YlQUU7jcyYM4eh1fj6kAYb3Hmk6hHlr0snelyxVSpPXjPdFllrnSsPkzUS5AtrEA==
  dependencies:
    fast-deep-equal "^2.0.1"
    prop-types "^15.7.1"

react-is@^16.8.1:
  version "16.13.1"
  resolved "https://registry.yarnpkg.com/react-is/-/react-is-16.13.1.tgz#789729a4dc36de2999dc156dd6c1d9c18cea56a4"
  integrity sha512-24e6ynE2H+OKt4kqsOvNd8kBpV65zoxbA4BVsEOB3ARVWQki/DHzaUoC5KuON/BiccDaCCTZBuOcfZs70kR8bQ==

react-transition-group@^4.3.0:
  version "4.4.1"
  resolved "https://registry.yarnpkg.com/react-transition-group/-/react-transition-group-4.4.1.tgz#63868f9325a38ea5ee9535d828327f85773345c9"
  integrity sha512-Djqr7OQ2aPUiYurhPalTrVy9ddmFCCzwhqQmtN+J3+3DzLO209Fdr70QrN8Z3DsglWql6iY1lDWAfpFiBtuKGw==
  dependencies:
    "@babel/runtime" "^7.5.5"
    dom-helpers "^5.0.1"
    loose-envify "^1.4.0"
    prop-types "^15.6.2"

regenerator-runtime@^0.13.4:
  version "0.13.5"
  resolved "https://registry.yarnpkg.com/regenerator-runtime/-/regenerator-runtime-0.13.5.tgz#d878a1d094b4306d10b9096484b33ebd55e26697"
  integrity sha512-ZS5w8CpKFinUzOwW3c83oPeVXoNsrLsaCoLtJvAClH135j/R77RuymhiSErhm2lKcwSCIpmvIWSbDkIfAqKQlA==

string.prototype.trim@^1.1.2:
  version "1.2.1"
  resolved "https://registry.yarnpkg.com/string.prototype.trim/-/string.prototype.trim-1.2.1.tgz#141233dff32c82bfad80684d7e5f0869ee0fb782"
  integrity sha512-MjGFEeqixw47dAMFMtgUro/I0+wNqZB5GKXGt1fFr24u3TzDXCPu7J9Buppzoe3r/LqkSDLDDJzE15RGWDGAVw==
  dependencies:
    define-properties "^1.1.3"
    es-abstract "^1.17.0-next.1"
    function-bind "^1.1.1"

string.prototype.trimend@^1.0.1:
  version "1.0.1"
  resolved "https://registry.yarnpkg.com/string.prototype.trimend/-/string.prototype.trimend-1.0.1.tgz#85812a6b847ac002270f5808146064c995fb6913"
  integrity sha512-LRPxFUaTtpqYsTeNKaFOw3R4bxIzWOnbQ837QfBylo8jIxtcbK/A/sMV7Q+OAV/vWo+7s25pOE10KYSjaSO06g==
  dependencies:
    define-properties "^1.1.3"
    es-abstract "^1.17.5"

string.prototype.trimstart@^1.0.1:
  version "1.0.1"
  resolved "https://registry.yarnpkg.com/string.prototype.trimstart/-/string.prototype.trimstart-1.0.1.tgz#14af6d9f34b053f7cfc89b72f8f2ee14b9039a54"
  integrity sha512-XxZn+QpvrBI1FOcg6dIpxUPgWCPuNXvMD72aaRaUQv1eD4e/Qy8i/hFTe0BUmD60p/QA6bh1avmuPTfNjqVWRw==
  dependencies:
    define-properties "^1.1.3"
    es-abstract "^1.17.5"

timeago-react@^3.0.0:
  version "3.0.0"
  resolved "https://registry.yarnpkg.com/timeago-react/-/timeago-react-3.0.0.tgz#777665f768ae0517e71be137fc6287c4d0a6a788"
  integrity sha512-dO7dBjuRqUSoyt7kLc6UJLvfN5F0JbC2qTqIsjpRFaMXu9bK9PKuWQ3/XD/kPZWGVtwpNimKDpQC3Q2ok8MMSA==
  dependencies:
    timeago.js "^4.0.0"

timeago.js@^4.0.0:
  version "4.0.2"
  resolved "https://registry.yarnpkg.com/timeago.js/-/timeago.js-4.0.2.tgz#724e8c8833e3490676c7bb0a75f5daf20e558028"
  integrity sha512-a7wPxPdVlQL7lqvitHGGRsofhdwtkoSXPGATFuSOA2i1ZNQEPLrGnj68vOp2sOJTCFAQVXPeNMX/GctBaO9L2w==

tiny-emitter@^2.1.0:
  version "2.1.0"
  resolved "https://registry.yarnpkg.com/tiny-emitter/-/tiny-emitter-2.1.0.tgz#1d1a56edfc51c43e863cbb5382a72330e3555423"
  integrity sha512-NB6Dk1A9xgQPMoGqC5CVXn123gWyte215ONT5Pp5a0yt4nlEoO1ZWeCwpncaekPHXO60i47ihFnZPiRPjRMq4Q==

warning@^4.0.3:
  version "4.0.3"
  resolved "https://registry.yarnpkg.com/warning/-/warning-4.0.3.tgz#16e9e077eb8a86d6af7d64aa1e05fd85b4678ca3"
  integrity sha512-rpJyN222KWIvHJ/F53XSZv0Zl/accqHR8et1kpaMTD/fLCRxtV8iX8czMzY7sVZupTI3zcUTg8eycS2kNF9l6w==
  dependencies:
    loose-envify "^1.0.0"
